
Microsoft Visual Studio Solution File, Format Version 12.00
# Visual Studio 15
VisualStudioVersion = 15.0.26228.4
MinimumVisualStudioVersion = 10.0.40219.1
Project("{FAE04EC0-301F-11D3-BF4B-00C04F79EFBC}") = "Moesocks.Core", "Moesocks.Core\Moesocks.Core.csproj", "{E06CCFCB-6284-4933-ADC0-A2961F8A4C50}"
EndProject
Project("{FAE04EC0-301F-11D3-BF4B-00C04F79EFBC}") = "Moesocks.Server", "Moesocks.Server\Moesocks.Server.csproj", "{5F8254DE-236B-47D2-A39C-10F6EB8AA931}"
EndProject
Project("{FAE04EC0-301F-11D3-BF4B-00C04F79EFBC}") = "Moesocks.Server.Services", "Moesocks.Server.Services\Moesocks.Server.Services.csproj", "{06DD75F5-325D-4071-BC15-C43C3A8DA9A5}"
EndProject
Project("{FAE04EC0-301F-11D3-BF4B-00C04F79EFBC}") = "Moesocks.Client", "Moesocks.Client\Moesocks.Client.csproj", "{F638BD77-FEDC-43A2-80A7-7DCD50AE2BA0}"
EndProject
Project("{FAE04EC0-301F-11D3-BF4B-00C04F79EFBC}") = "Moesocks.Client.Services", "Moesocks.Client.Services\Moesocks.Client.Services.csproj", "{3AABA3AF-1BB0-472F-9865-B3BD2EAE9A08}"
EndProject
Project("{FAE04EC0-301F-11D3-BF4B-00C04F79EFBC}") = "Moesocks.ClientMaker", "Tools\Moesocks.ClientMaker\Moesocks.ClientMaker.csproj", "{621D5A2D-CE70-4045-A245-54223B9CBF8B}"
EndProject
Project("{2150E333-8FDC-42A3-9474-1A3956D46DE8}") = "Tools", "Tools", "{2E76EAEE-303D-4461-8C35-8D74D306C697}"
EndProject
Global
	GlobalSection(SolutionConfigurationPlatforms) = preSolution
		Debug|Any CPU = Debug|Any CPU
		Release|Any CPU = Release|Any CPU
	EndGlobalSection
	GlobalSection(ProjectConfigurationPlatforms) = postSolution
		{E06CCFCB-6284-4933-ADC0-A2961F8A4C50}.Debug|Any CPU.ActiveCfg = Debug|Any CPU
		{E06CCFCB-6284-4933-ADC0-A2961F8A4C50}.Debug|Any CPU.Build.0 = Debug|Any CPU
		{E06CCFCB-6284-4933-ADC0-A2961F8A4C50}.Release|Any CPU.ActiveCfg = Release|Any CPU
		{E06CCFCB-6284-4933-ADC0-A2961F8A4C50}.Release|Any CPU.Build.0 = Release|Any CPU
		{5F8254DE-236B-47D2-A39C-10F6EB8AA931}.Debug|Any CPU.ActiveCfg = Debug|Any CPU
		{5F8254DE-236B-47D2-A39C-10F6EB8AA931}.Debug|Any CPU.Build.0 = Debug|Any CPU
		{5F8254DE-236B-47D2-A39C-10F6EB8AA931}.Release|Any CPU.ActiveCfg = Release|Any CPU
		{5F8254DE-236B-47D2-A39C-10F6EB8AA931}.Release|Any CPU.Build.0 = Release|Any CPU
		{06DD75F5-325D-4071-BC15-C43C3A8DA9A5}.Debug|Any CPU.ActiveCfg = Debug|Any CPU
		{06DD75F5-325D-4071-BC15-C43C3A8DA9A5}.Debug|Any CPU.Build.0 = Debug|Any CPU
		{06DD75F5-325D-4071-BC15-C43C3A8DA9A5}.Release|Any CPU.ActiveCfg = Release|Any CPU
		{06DD75F5-325D-4071-BC15-C43C3A8DA9A5}.Release|Any CPU.Build.0 = Release|Any CPU
		{F638BD77-FEDC-43A2-80A7-7DCD50AE2BA0}.Debug|Any CPU.ActiveCfg = Debug|Any CPU
		{F638BD77-FEDC-43A2-80A7-7DCD50AE2BA0}.Debug|Any CPU.Build.0 = Debug|Any CPU
		{F638BD77-FEDC-43A2-80A7-7DCD50AE2BA0}.Release|Any CPU.ActiveCfg = Release|Any CPU
		{F638BD77-FEDC-43A2-80A7-7DCD50AE2BA0}.Release|Any CPU.Build.0 = Release|Any CPU
		{3AABA3AF-1BB0-472F-9865-B3BD2EAE9A08}.Debug|Any CPU.ActiveCfg = Debug|Any CPU
		{3AABA3AF-1BB0-472F-9865-B3BD2EAE9A08}.Debug|Any CPU.Build.0 = Debug|Any CPU
		{3AABA3AF-1BB0-472F-9865-B3BD2EAE9A08}.Release|Any CPU.ActiveCfg = Release|Any CPU
		{3AABA3AF-1BB0-472F-9865-B3BD2EAE9A08}.Release|Any CPU.Build.0 = Release|Any CPU
		{621D5A2D-CE70-4045-A245-54223B9CBF8B}.Debug|Any CPU.ActiveCfg = Debug|Any CPU
		{621D5A2D-CE70-4045-A245-54223B9CBF8B}.Debug|Any CPU.Build.0 = Debug|Any CPU
		{621D5A2D-CE70-4045-A245-54223B9CBF8B}.Release|Any CPU.ActiveCfg = Release|Any CPU
		{621D5A2D-CE70-4045-A245-54223B9CBF8B}.Release|Any CPU.Build.0 = Release|Any CPU
	EndGlobalSection
	GlobalSection(SolutionProperties) = preSolution
		HideSolutionNode = FALSE
	EndGlobalSection
	GlobalSection(NestedProjects) = preSolution
		{621D5A2D-CE70-4045-A245-54223B9CBF8B} = {2E76EAEE-303D-4461-8C35-8D74D306C697}
	EndGlobalSection
EndGlobal
