
Microsoft Visual Studio Solution File, Format Version 12.00
# Visual Studio 15
VisualStudioVersion = 15.0.26510.0
MinimumVisualStudioVersion = 10.0.40219.1
Project("{FAE04EC0-301F-11D3-BF4B-00C04F79EFBC}") = "Moesocks.Core", "Moesocks.Core\Moesocks.Core.csproj", "{E06CCFCB-6284-4933-ADC0-A2961F8A4C50}"
EndProject
Project("{FAE04EC0-301F-11D3-BF4B-00C04F79EFBC}") = "Moesocks.Server", "Moesocks.Server\Moesocks.Server.csproj", "{5F8254DE-236B-47D2-A39C-10F6EB8AA931}"
EndProject
Project("{FAE04EC0-301F-11D3-BF4B-00C04F79EFBC}") = "Moesocks.Server.Services", "Moesocks.Server.Services\Moesocks.Server.Services.csproj", "{06DD75F5-325D-4071-BC15-C43C3A8DA9A5}"
EndProject
Project("{FAE04EC0-301F-11D3-BF4B-00C04F79EFBC}") = "Moesocks.Client.Services", "Moesocks.Client.Services\Moesocks.Client.Services.csproj", "{3AABA3AF-1BB0-472F-9865-B3BD2EAE9A08}"
EndProject
Project("{FAE04EC0-301F-11D3-BF4B-00C04F79EFBC}") = "Moesocks.ClientMaker", "Tools\Moesocks.ClientMaker\Moesocks.ClientMaker.csproj", "{621D5A2D-CE70-4045-A245-54223B9CBF8B}"
EndProject
Project("{2150E333-8FDC-42A3-9474-1A3956D46DE8}") = "Tools", "Tools", "{2E76EAEE-303D-4461-8C35-8D74D306C697}"
EndProject
Project("{2150E333-8FDC-42A3-9474-1A3956D46DE8}") = "Clients", "Clients", "{79D9DBCC-4C9D-4020-80B5-6275AB207771}"
EndProject
Project("{FAE04EC0-301F-11D3-BF4B-00C04F79EFBC}") = "Moesocks.Client.Desktop", "Clients\Moesocks.Client.Desktop\Moesocks.Client.Desktop.csproj", "{F638BD77-FEDC-43A2-80A7-7DCD50AE2BA0}"
EndProject
Project("{FAE04EC0-301F-11D3-BF4B-00C04F79EFBC}") = "Moesocks.Client.Android", "Clients\Moesocks.Client.Android\Moesocks.Client.Android.csproj", "{A1E63CCA-BE63-4811-B5EE-51713632D052}"
EndProject
Global
	GlobalSection(SolutionConfigurationPlatforms) = preSolution
		Debug|Any CPU = Debug|Any CPU
		Debug|iPhone = Debug|iPhone
		Debug|iPhoneSimulator = Debug|iPhoneSimulator
		Debug|x86 = Debug|x86
		Release|Any CPU = Release|Any CPU
		Release|iPhone = Release|iPhone
		Release|iPhoneSimulator = Release|iPhoneSimulator
		Release|x86 = Release|x86
	EndGlobalSection
	GlobalSection(ProjectConfigurationPlatforms) = postSolution
		{E06CCFCB-6284-4933-ADC0-A2961F8A4C50}.Debug|Any CPU.ActiveCfg = Debug|Any CPU
		{E06CCFCB-6284-4933-ADC0-A2961F8A4C50}.Debug|Any CPU.Build.0 = Debug|Any CPU
		{E06CCFCB-6284-4933-ADC0-A2961F8A4C50}.Debug|iPhone.ActiveCfg = Debug|Any CPU
		{E06CCFCB-6284-4933-ADC0-A2961F8A4C50}.Debug|iPhone.Build.0 = Debug|Any CPU
		{E06CCFCB-6284-4933-ADC0-A2961F8A4C50}.Debug|iPhoneSimulator.ActiveCfg = Debug|Any CPU
		{E06CCFCB-6284-4933-ADC0-A2961F8A4C50}.Debug|iPhoneSimulator.Build.0 = Debug|Any CPU
		{E06CCFCB-6284-4933-ADC0-A2961F8A4C50}.Debug|x86.ActiveCfg = Debug|Any CPU
		{E06CCFCB-6284-4933-ADC0-A2961F8A4C50}.Debug|x86.Build.0 = Debug|Any CPU
		{E06CCFCB-6284-4933-ADC0-A2961F8A4C50}.Release|Any CPU.ActiveCfg = Release|Any CPU
		{E06CCFCB-6284-4933-ADC0-A2961F8A4C50}.Release|Any CPU.Build.0 = Release|Any CPU
		{E06CCFCB-6284-4933-ADC0-A2961F8A4C50}.Release|iPhone.ActiveCfg = Release|Any CPU
		{E06CCFCB-6284-4933-ADC0-A2961F8A4C50}.Release|iPhone.Build.0 = Release|Any CPU
		{E06CCFCB-6284-4933-ADC0-A2961F8A4C50}.Release|iPhoneSimulator.ActiveCfg = Release|Any CPU
		{E06CCFCB-6284-4933-ADC0-A2961F8A4C50}.Release|iPhoneSimulator.Build.0 = Release|Any CPU
		{E06CCFCB-6284-4933-ADC0-A2961F8A4C50}.Release|x86.ActiveCfg = Release|Any CPU
		{E06CCFCB-6284-4933-ADC0-A2961F8A4C50}.Release|x86.Build.0 = Release|Any CPU
		{5F8254DE-236B-47D2-A39C-10F6EB8AA931}.Debug|Any CPU.ActiveCfg = Debug|Any CPU
		{5F8254DE-236B-47D2-A39C-10F6EB8AA931}.Debug|Any CPU.Build.0 = Debug|Any CPU
		{5F8254DE-236B-47D2-A39C-10F6EB8AA931}.Debug|iPhone.ActiveCfg = Debug|Any CPU
		{5F8254DE-236B-47D2-A39C-10F6EB8AA931}.Debug|iPhone.Build.0 = Debug|Any CPU
		{5F8254DE-236B-47D2-A39C-10F6EB8AA931}.Debug|iPhoneSimulator.ActiveCfg = Debug|Any CPU
		{5F8254DE-236B-47D2-A39C-10F6EB8AA931}.Debug|iPhoneSimulator.Build.0 = Debug|Any CPU
		{5F8254DE-236B-47D2-A39C-10F6EB8AA931}.Debug|x86.ActiveCfg = Debug|Any CPU
		{5F8254DE-236B-47D2-A39C-10F6EB8AA931}.Debug|x86.Build.0 = Debug|Any CPU
		{5F8254DE-236B-47D2-A39C-10F6EB8AA931}.Release|Any CPU.ActiveCfg = Release|Any CPU
		{5F8254DE-236B-47D2-A39C-10F6EB8AA931}.Release|Any CPU.Build.0 = Release|Any CPU
		{5F8254DE-236B-47D2-A39C-10F6EB8AA931}.Release|iPhone.ActiveCfg = Release|Any CPU
		{5F8254DE-236B-47D2-A39C-10F6EB8AA931}.Release|iPhone.Build.0 = Release|Any CPU
		{5F8254DE-236B-47D2-A39C-10F6EB8AA931}.Release|iPhoneSimulator.ActiveCfg = Release|Any CPU
		{5F8254DE-236B-47D2-A39C-10F6EB8AA931}.Release|iPhoneSimulator.Build.0 = Release|Any CPU
		{5F8254DE-236B-47D2-A39C-10F6EB8AA931}.Release|x86.ActiveCfg = Release|Any CPU
		{5F8254DE-236B-47D2-A39C-10F6EB8AA931}.Release|x86.Build.0 = Release|Any CPU
		{06DD75F5-325D-4071-BC15-C43C3A8DA9A5}.Debug|Any CPU.ActiveCfg = Debug|Any CPU
		{06DD75F5-325D-4071-BC15-C43C3A8DA9A5}.Debug|Any CPU.Build.0 = Debug|Any CPU
		{06DD75F5-325D-4071-BC15-C43C3A8DA9A5}.Debug|iPhone.ActiveCfg = Debug|Any CPU
		{06DD75F5-325D-4071-BC15-C43C3A8DA9A5}.Debug|iPhone.Build.0 = Debug|Any CPU
		{06DD75F5-325D-4071-BC15-C43C3A8DA9A5}.Debug|iPhoneSimulator.ActiveCfg = Debug|Any CPU
		{06DD75F5-325D-4071-BC15-C43C3A8DA9A5}.Debug|iPhoneSimulator.Build.0 = Debug|Any CPU
		{06DD75F5-325D-4071-BC15-C43C3A8DA9A5}.Debug|x86.ActiveCfg = Debug|Any CPU
		{06DD75F5-325D-4071-BC15-C43C3A8DA9A5}.Debug|x86.Build.0 = Debug|Any CPU
		{06DD75F5-325D-4071-BC15-C43C3A8DA9A5}.Release|Any CPU.ActiveCfg = Release|Any CPU
		{06DD75F5-325D-4071-BC15-C43C3A8DA9A5}.Release|Any CPU.Build.0 = Release|Any CPU
		{06DD75F5-325D-4071-BC15-C43C3A8DA9A5}.Release|iPhone.ActiveCfg = Release|Any CPU
		{06DD75F5-325D-4071-BC15-C43C3A8DA9A5}.Release|iPhone.Build.0 = Release|Any CPU
		{06DD75F5-325D-4071-BC15-C43C3A8DA9A5}.Release|iPhoneSimulator.ActiveCfg = Release|Any CPU
		{06DD75F5-325D-4071-BC15-C43C3A8DA9A5}.Release|iPhoneSimulator.Build.0 = Release|Any CPU
		{06DD75F5-325D-4071-BC15-C43C3A8DA9A5}.Release|x86.ActiveCfg = Release|Any CPU
		{06DD75F5-325D-4071-BC15-C43C3A8DA9A5}.Release|x86.Build.0 = Release|Any CPU
		{3AABA3AF-1BB0-472F-9865-B3BD2EAE9A08}.Debug|Any CPU.ActiveCfg = Debug|Any CPU
		{3AABA3AF-1BB0-472F-9865-B3BD2EAE9A08}.Debug|Any CPU.Build.0 = Debug|Any CPU
		{3AABA3AF-1BB0-472F-9865-B3BD2EAE9A08}.Debug|iPhone.ActiveCfg = Debug|Any CPU
		{3AABA3AF-1BB0-472F-9865-B3BD2EAE9A08}.Debug|iPhone.Build.0 = Debug|Any CPU
		{3AABA3AF-1BB0-472F-9865-B3BD2EAE9A08}.Debug|iPhoneSimulator.ActiveCfg = Debug|Any CPU
		{3AABA3AF-1BB0-472F-9865-B3BD2EAE9A08}.Debug|iPhoneSimulator.Build.0 = Debug|Any CPU
		{3AABA3AF-1BB0-472F-9865-B3BD2EAE9A08}.Debug|x86.ActiveCfg = Debug|Any CPU
		{3AABA3AF-1BB0-472F-9865-B3BD2EAE9A08}.Debug|x86.Build.0 = Debug|Any CPU
		{3AABA3AF-1BB0-472F-9865-B3BD2EAE9A08}.Release|Any CPU.ActiveCfg = Release|Any CPU
		{3AABA3AF-1BB0-472F-9865-B3BD2EAE9A08}.Release|Any CPU.Build.0 = Release|Any CPU
		{3AABA3AF-1BB0-472F-9865-B3BD2EAE9A08}.Release|iPhone.ActiveCfg = Release|Any CPU
		{3AABA3AF-1BB0-472F-9865-B3BD2EAE9A08}.Release|iPhone.Build.0 = Release|Any CPU
		{3AABA3AF-1BB0-472F-9865-B3BD2EAE9A08}.Release|iPhoneSimulator.ActiveCfg = Release|Any CPU
		{3AABA3AF-1BB0-472F-9865-B3BD2EAE9A08}.Release|iPhoneSimulator.Build.0 = Release|Any CPU
		{3AABA3AF-1BB0-472F-9865-B3BD2EAE9A08}.Release|x86.ActiveCfg = Release|Any CPU
		{3AABA3AF-1BB0-472F-9865-B3BD2EAE9A08}.Release|x86.Build.0 = Release|Any CPU
		{621D5A2D-CE70-4045-A245-54223B9CBF8B}.Debug|Any CPU.ActiveCfg = Debug|Any CPU
		{621D5A2D-CE70-4045-A245-54223B9CBF8B}.Debug|Any CPU.Build.0 = Debug|Any CPU
		{621D5A2D-CE70-4045-A245-54223B9CBF8B}.Debug|iPhone.ActiveCfg = Debug|Any CPU
		{621D5A2D-CE70-4045-A245-54223B9CBF8B}.Debug|iPhone.Build.0 = Debug|Any CPU
		{621D5A2D-CE70-4045-A245-54223B9CBF8B}.Debug|iPhoneSimulator.ActiveCfg = Debug|Any CPU
		{621D5A2D-CE70-4045-A245-54223B9CBF8B}.Debug|iPhoneSimulator.Build.0 = Debug|Any CPU
		{621D5A2D-CE70-4045-A245-54223B9CBF8B}.Debug|x86.ActiveCfg = Debug|Any CPU
		{621D5A2D-CE70-4045-A245-54223B9CBF8B}.Debug|x86.Build.0 = Debug|Any CPU
		{621D5A2D-CE70-4045-A245-54223B9CBF8B}.Release|Any CPU.ActiveCfg = Release|Any CPU
		{621D5A2D-CE70-4045-A245-54223B9CBF8B}.Release|Any CPU.Build.0 = Release|Any CPU
		{621D5A2D-CE70-4045-A245-54223B9CBF8B}.Release|iPhone.ActiveCfg = Release|Any CPU
		{621D5A2D-CE70-4045-A245-54223B9CBF8B}.Release|iPhone.Build.0 = Release|Any CPU
		{621D5A2D-CE70-4045-A245-54223B9CBF8B}.Release|iPhoneSimulator.ActiveCfg = Release|Any CPU
		{621D5A2D-CE70-4045-A245-54223B9CBF8B}.Release|iPhoneSimulator.Build.0 = Release|Any CPU
		{621D5A2D-CE70-4045-A245-54223B9CBF8B}.Release|x86.ActiveCfg = Release|Any CPU
		{621D5A2D-CE70-4045-A245-54223B9CBF8B}.Release|x86.Build.0 = Release|Any CPU
		{F638BD77-FEDC-43A2-80A7-7DCD50AE2BA0}.Debug|Any CPU.ActiveCfg = Debug|Any CPU
		{F638BD77-FEDC-43A2-80A7-7DCD50AE2BA0}.Debug|Any CPU.Build.0 = Debug|Any CPU
		{F638BD77-FEDC-43A2-80A7-7DCD50AE2BA0}.Debug|iPhone.ActiveCfg = Debug|Any CPU
		{F638BD77-FEDC-43A2-80A7-7DCD50AE2BA0}.Debug|iPhone.Build.0 = Debug|Any CPU
		{F638BD77-FEDC-43A2-80A7-7DCD50AE2BA0}.Debug|iPhoneSimulator.ActiveCfg = Debug|Any CPU
		{F638BD77-FEDC-43A2-80A7-7DCD50AE2BA0}.Debug|iPhoneSimulator.Build.0 = Debug|Any CPU
		{F638BD77-FEDC-43A2-80A7-7DCD50AE2BA0}.Debug|x86.ActiveCfg = Debug|x86
		{F638BD77-FEDC-43A2-80A7-7DCD50AE2BA0}.Debug|x86.Build.0 = Debug|x86
		{F638BD77-FEDC-43A2-80A7-7DCD50AE2BA0}.Release|Any CPU.ActiveCfg = Release|Any CPU
		{F638BD77-FEDC-43A2-80A7-7DCD50AE2BA0}.Release|Any CPU.Build.0 = Release|Any CPU
		{F638BD77-FEDC-43A2-80A7-7DCD50AE2BA0}.Release|iPhone.ActiveCfg = Release|Any CPU
		{F638BD77-FEDC-43A2-80A7-7DCD50AE2BA0}.Release|iPhone.Build.0 = Release|Any CPU
		{F638BD77-FEDC-43A2-80A7-7DCD50AE2BA0}.Release|iPhoneSimulator.ActiveCfg = Release|Any CPU
		{F638BD77-FEDC-43A2-80A7-7DCD50AE2BA0}.Release|iPhoneSimulator.Build.0 = Release|Any CPU
		{F638BD77-FEDC-43A2-80A7-7DCD50AE2BA0}.Release|x86.ActiveCfg = Release|x86
		{F638BD77-FEDC-43A2-80A7-7DCD50AE2BA0}.Release|x86.Build.0 = Release|x86
		{A1E63CCA-BE63-4811-B5EE-51713632D052}.Debug|Any CPU.ActiveCfg = Debug|Any CPU
		{A1E63CCA-BE63-4811-B5EE-51713632D052}.Debug|Any CPU.Build.0 = Debug|Any CPU
		{A1E63CCA-BE63-4811-B5EE-51713632D052}.Debug|Any CPU.Deploy.0 = Debug|Any CPU
		{A1E63CCA-BE63-4811-B5EE-51713632D052}.Debug|iPhone.ActiveCfg = Debug|Any CPU
		{A1E63CCA-BE63-4811-B5EE-51713632D052}.Debug|iPhone.Build.0 = Debug|Any CPU
		{A1E63CCA-BE63-4811-B5EE-51713632D052}.Debug|iPhone.Deploy.0 = Debug|Any CPU
		{A1E63CCA-BE63-4811-B5EE-51713632D052}.Debug|iPhoneSimulator.ActiveCfg = Debug|Any CPU
		{A1E63CCA-BE63-4811-B5EE-51713632D052}.Debug|iPhoneSimulator.Build.0 = Debug|Any CPU
		{A1E63CCA-BE63-4811-B5EE-51713632D052}.Debug|iPhoneSimulator.Deploy.0 = Debug|Any CPU
		{A1E63CCA-BE63-4811-B5EE-51713632D052}.Debug|x86.ActiveCfg = Debug|Any CPU
		{A1E63CCA-BE63-4811-B5EE-51713632D052}.Debug|x86.Build.0 = Debug|Any CPU
		{A1E63CCA-BE63-4811-B5EE-51713632D052}.Debug|x86.Deploy.0 = Debug|Any CPU
		{A1E63CCA-BE63-4811-B5EE-51713632D052}.Release|Any CPU.ActiveCfg = Release|Any CPU
		{A1E63CCA-BE63-4811-B5EE-51713632D052}.Release|Any CPU.Build.0 = Release|Any CPU
		{A1E63CCA-BE63-4811-B5EE-51713632D052}.Release|Any CPU.Deploy.0 = Release|Any CPU
		{A1E63CCA-BE63-4811-B5EE-51713632D052}.Release|iPhone.ActiveCfg = Release|Any CPU
		{A1E63CCA-BE63-4811-B5EE-51713632D052}.Release|iPhone.Build.0 = Release|Any CPU
		{A1E63CCA-BE63-4811-B5EE-51713632D052}.Release|iPhone.Deploy.0 = Release|Any CPU
		{A1E63CCA-BE63-4811-B5EE-51713632D052}.Release|iPhoneSimulator.ActiveCfg = Release|Any CPU
		{A1E63CCA-BE63-4811-B5EE-51713632D052}.Release|iPhoneSimulator.Build.0 = Release|Any CPU
		{A1E63CCA-BE63-4811-B5EE-51713632D052}.Release|iPhoneSimulator.Deploy.0 = Release|Any CPU
		{A1E63CCA-BE63-4811-B5EE-51713632D052}.Release|x86.ActiveCfg = Release|Any CPU
		{A1E63CCA-BE63-4811-B5EE-51713632D052}.Release|x86.Build.0 = Release|Any CPU
		{A1E63CCA-BE63-4811-B5EE-51713632D052}.Release|x86.Deploy.0 = Release|Any CPU
	EndGlobalSection
	GlobalSection(SolutionProperties) = preSolution
		HideSolutionNode = FALSE
	EndGlobalSection
	GlobalSection(NestedProjects) = preSolution
		{621D5A2D-CE70-4045-A245-54223B9CBF8B} = {2E76EAEE-303D-4461-8C35-8D74D306C697}
		{F638BD77-FEDC-43A2-80A7-7DCD50AE2BA0} = {79D9DBCC-4C9D-4020-80B5-6275AB207771}
		{A1E63CCA-BE63-4811-B5EE-51713632D052} = {79D9DBCC-4C9D-4020-80B5-6275AB207771}
	EndGlobalSection
EndGlobal
